
Microsoft Visual Studio Solution File, Format Version 12.00
# Visual Studio Version 17
VisualStudioVersion = 17.0.31903.59
MinimumVisualStudioVersion = 10.0.40219.1
Project("{9A19103F-16F7-4668-BE54-9A1E7A4F7556}") = "IceSync.Api", "IceSync.Api\IceSync.Api.csproj", "{68BFD44E-39C4-4939-A9ED-E99DA54F646D}"
EndProject
Project("{9A19103F-16F7-4668-BE54-9A1E7A4F7556}") = "IceSync.Domain", "IceSync.Domain\IceSync.Domain.csproj", "{F7C57443-ACB3-4BE6-9A70-266194AFB659}"
EndProject
Project("{9A19103F-16F7-4668-BE54-9A1E7A4F7556}") = "IceSync.Infrastructure", "IceSync.Infrastructure\IceSync.Infrastructure.csproj", "{4AA76D38-879C-4B51-BAA8-50C6E0AEC8F3}"
EndProject
Project("{9A19103F-16F7-4668-BE54-9A1E7A4F7556}") = "IceSync.Application", "IceSync.Application\IceSync.Application.csproj", "{48B09D81-C83A-4535-8186-196FC3D34302}"
EndProject
Project("{9A19103F-16F7-4668-BE54-9A1E7A4F7556}") = "IceSync.IntegrationTests", "tests\IceSync.IntegrationTests\IceSync.IntegrationTests.csproj", "{99B50A7C-FE23-4325-95C1-2A1678229A38}"
EndProject
Project("{2150E333-8FDC-42A3-9474-1A3956D46DE8}") = "tests", "tests", "{FD0FE151-15BD-4AB8-A9DC-1CC2054B7FCD}"
EndProject
Global
	GlobalSection(SolutionConfigurationPlatforms) = preSolution
		Debug|Any CPU = Debug|Any CPU
		Release|Any CPU = Release|Any CPU
	EndGlobalSection
	GlobalSection(ProjectConfigurationPlatforms) = postSolution
		{68BFD44E-39C4-4939-A9ED-E99DA54F646D}.Debug|Any CPU.ActiveCfg = Debug|Any CPU
		{68BFD44E-39C4-4939-A9ED-E99DA54F646D}.Debug|Any CPU.Build.0 = Debug|Any CPU
		{68BFD44E-39C4-4939-A9ED-E99DA54F646D}.Release|Any CPU.ActiveCfg = Release|Any CPU
		{68BFD44E-39C4-4939-A9ED-E99DA54F646D}.Release|Any CPU.Build.0 = Release|Any CPU
		{F7C57443-ACB3-4BE6-9A70-266194AFB659}.Debug|Any CPU.ActiveCfg = Debug|Any CPU
		{F7C57443-ACB3-4BE6-9A70-266194AFB659}.Debug|Any CPU.Build.0 = Debug|Any CPU
		{F7C57443-ACB3-4BE6-9A70-266194AFB659}.Release|Any CPU.ActiveCfg = Release|Any CPU
		{F7C57443-ACB3-4BE6-9A70-266194AFB659}.Release|Any CPU.Build.0 = Release|Any CPU
		{4AA76D38-879C-4B51-BAA8-50C6E0AEC8F3}.Debug|Any CPU.ActiveCfg = Debug|Any CPU
		{4AA76D38-879C-4B51-BAA8-50C6E0AEC8F3}.Debug|Any CPU.Build.0 = Debug|Any CPU
		{4AA76D38-879C-4B51-BAA8-50C6E0AEC8F3}.Release|Any CPU.ActiveCfg = Release|Any CPU
		{4AA76D38-879C-4B51-BAA8-50C6E0AEC8F3}.Release|Any CPU.Build.0 = Release|Any CPU
		{48B09D81-C83A-4535-8186-196FC3D34302}.Debug|Any CPU.ActiveCfg = Debug|Any CPU
		{48B09D81-C83A-4535-8186-196FC3D34302}.Debug|Any CPU.Build.0 = Debug|Any CPU
		{48B09D81-C83A-4535-8186-196FC3D34302}.Release|Any CPU.ActiveCfg = Release|Any CPU
		{48B09D81-C83A-4535-8186-196FC3D34302}.Release|Any CPU.Build.0 = Release|Any CPU
		{99B50A7C-FE23-4325-95C1-2A1678229A38}.Debug|Any CPU.ActiveCfg = Debug|Any CPU
		{99B50A7C-FE23-4325-95C1-2A1678229A38}.Debug|Any CPU.Build.0 = Debug|Any CPU
		{99B50A7C-FE23-4325-95C1-2A1678229A38}.Release|Any CPU.ActiveCfg = Release|Any CPU
		{99B50A7C-FE23-4325-95C1-2A1678229A38}.Release|Any CPU.Build.0 = Release|Any CPU
	EndGlobalSection
	GlobalSection(SolutionProperties) = preSolution
		HideSolutionNode = FALSE
	EndGlobalSection
	GlobalSection(NestedProjects) = preSolution
		{99B50A7C-FE23-4325-95C1-2A1678229A38} = {FD0FE151-15BD-4AB8-A9DC-1CC2054B7FCD}
	EndGlobalSection
	GlobalSection(ExtensibilityGlobals) = postSolution
		SolutionGuid = {862DBBDF-97E9-44C5-858B-7B7F9DFD30FE}
	EndGlobalSection
EndGlobal
